<?xml version="1.0" encoding="utf-8"?>
<Project ToolsVersion="4.0" xmlns="http://schemas.microsoft.com/developer/msbuild/2003">
  <ItemGroup>
    <ResourceCompile Include="client.rc" />
  </ItemGroup>
  <ItemGroup>
    <Image Include="..\icons\PtGreyExample.ico" />
  </ItemGroup>
  <ItemGroup>
    <ClCompile Include="full_processing.cpp" />
  </ItemGroup>
</Project>